
Microsoft Visual Studio Solution File, Format Version 12.00
# Visual Studio Version 17
VisualStudioVersion = 17.7.34202.233
MinimumVisualStudioVersion = 10.0.40219.1
Project("{8BC9CEB8-8B4A-11D0-8D11-00A0C91BC942}") = "laba6.2", "laba6.2\laba6.2.vcxproj", "{33E68AC3-4B00-43F0-B62F-E5D2F09F29E3}"
EndProject
Project("{8BC9CEB8-8B4A-11D0-8D11-00A0C91BC942}") = "laba6.3", "laba6.3\laba6.3.vcxproj", "{EB357CD5-0C84-4692-8A56-87CB2B154AF8}"
EndProject
Project("{8BC9CEB8-8B4A-11D0-8D11-00A0C91BC942}") = "laba6.3a", "laba6.3a\laba6.3a.vcxproj", "{E5A54175-3498-4CD7-91DF-D3C846242BDF}"
EndProject
Project("{8BC9CEB8-8B4A-11D0-8D11-00A0C91BC942}") = "laba6.3b", "laba6.3b\laba6.3b.vcxproj", "{FB4599AC-F9A5-421F-808E-E164965F3BF9}"
EndProject
Project("{8BC9CEB8-8B4A-11D0-8D11-00A0C91BC942}") = "laba6.4", "laba6.4\laba6.4.vcxproj", "{F9C36D5D-0449-4247-8515-FF0088A5300F}"
EndProject
Project("{8BC9CEB8-8B4A-11D0-8D11-00A0C91BC942}") = "laba6.4a", "laba6.4a\laba6.4a.vcxproj", "{3AB42BB3-7836-48B8-94B3-BD6592053E89}"
EndProject
Project("{8BC9CEB8-8B4A-11D0-8D11-00A0C91BC942}") = "laba6.4b", "laba6.4b\laba6.4b.vcxproj", "{6162C944-FA66-4A9A-BC2D-3E9ED3D47649}"
EndProject
Project("{8BC9CEB8-8B4A-11D0-8D11-00A0C91BC942}") = "laba6.5", "laba6.5\laba6.5.vcxproj", "{65A0DFE4-361F-426B-83EE-3C6A10FDA9FB}"
EndProject
Project("{8BC9CEB8-8B4A-11D0-8D11-00A0C91BC942}") = "laba6.5a", "laba6.5a\laba6.5a.vcxproj", "{85AD4129-E1A5-4170-BC8E-7843C6CC1095}"
EndProject
Project("{8BC9CEB8-8B4A-11D0-8D11-00A0C91BC942}") = "laba6.5b", "laba6.5b\laba6.5b.vcxproj", "{09FB26F6-3054-4727-BB55-EBF09B3AF3E6}"
EndProject
Project("{8BC9CEB8-8B4A-11D0-8D11-00A0C91BC942}") = "laba6.1", "laba6.1\laba6.1.vcxproj", "{72898BAB-6843-4C9B-BE9C-A9176D11212C}"
EndProject
Global
	GlobalSection(SolutionConfigurationPlatforms) = preSolution
		Debug|x64 = Debug|x64
		Debug|x86 = Debug|x86
		Release|x64 = Release|x64
		Release|x86 = Release|x86
	EndGlobalSection
	GlobalSection(ProjectConfigurationPlatforms) = postSolution
		{33E68AC3-4B00-43F0-B62F-E5D2F09F29E3}.Debug|x64.ActiveCfg = Debug|x64
		{33E68AC3-4B00-43F0-B62F-E5D2F09F29E3}.Debug|x64.Build.0 = Debug|x64
		{33E68AC3-4B00-43F0-B62F-E5D2F09F29E3}.Debug|x86.ActiveCfg = Debug|Win32
		{33E68AC3-4B00-43F0-B62F-E5D2F09F29E3}.Debug|x86.Build.0 = Debug|Win32
		{33E68AC3-4B00-43F0-B62F-E5D2F09F29E3}.Release|x64.ActiveCfg = Release|x64
		{33E68AC3-4B00-43F0-B62F-E5D2F09F29E3}.Release|x64.Build.0 = Release|x64
		{33E68AC3-4B00-43F0-B62F-E5D2F09F29E3}.Release|x86.ActiveCfg = Release|Win32
		{33E68AC3-4B00-43F0-B62F-E5D2F09F29E3}.Release|x86.Build.0 = Release|Win32
		{EB357CD5-0C84-4692-8A56-87CB2B154AF8}.Debug|x64.ActiveCfg = Debug|x64
		{EB357CD5-0C84-4692-8A56-87CB2B154AF8}.Debug|x64.Build.0 = Debug|x64
		{EB357CD5-0C84-4692-8A56-87CB2B154AF8}.Debug|x86.ActiveCfg = Debug|Win32
		{EB357CD5-0C84-4692-8A56-87CB2B154AF8}.Debug|x86.Build.0 = Debug|Win32
		{EB357CD5-0C84-4692-8A56-87CB2B154AF8}.Release|x64.ActiveCfg = Release|x64
		{EB357CD5-0C84-4692-8A56-87CB2B154AF8}.Release|x64.Build.0 = Release|x64
		{EB357CD5-0C84-4692-8A56-87CB2B154AF8}.Release|x86.ActiveCfg = Release|Win32
		{EB357CD5-0C84-4692-8A56-87CB2B154AF8}.Release|x86.Build.0 = Release|Win32
		{E5A54175-3498-4CD7-91DF-D3C846242BDF}.Debug|x64.ActiveCfg = Debug|x64
		{E5A54175-3498-4CD7-91DF-D3C846242BDF}.Debug|x64.Build.0 = Debug|x64
		{E5A54175-3498-4CD7-91DF-D3C846242BDF}.Debug|x86.ActiveCfg = Debug|Win32
		{E5A54175-3498-4CD7-91DF-D3C846242BDF}.Debug|x86.Build.0 = Debug|Win32
		{E5A54175-3498-4CD7-91DF-D3C846242BDF}.Release|x64.ActiveCfg = Release|x64
		{E5A54175-3498-4CD7-91DF-D3C846242BDF}.Release|x64.Build.0 = Release|x64
		{E5A54175-3498-4CD7-91DF-D3C846242BDF}.Release|x86.ActiveCfg = Release|Win32
		{E5A54175-3498-4CD7-91DF-D3C846242BDF}.Release|x86.Build.0 = Release|Win32
		{FB4599AC-F9A5-421F-808E-E164965F3BF9}.Debug|x64.ActiveCfg = Debug|x64
		{FB4599AC-F9A5-421F-808E-E164965F3BF9}.Debug|x64.Build.0 = Debug|x64
		{FB4599AC-F9A5-421F-808E-E164965F3BF9}.Debug|x86.ActiveCfg = Debug|Win32
		{FB4599AC-F9A5-421F-808E-E164965F3BF9}.Debug|x86.Build.0 = Debug|Win32
		{FB4599AC-F9A5-421F-808E-E164965F3BF9}.Release|x64.ActiveCfg = Release|x64
		{FB4599AC-F9A5-421F-808E-E164965F3BF9}.Release|x64.Build.0 = Release|x64
		{FB4599AC-F9A5-421F-808E-E164965F3BF9}.Release|x86.ActiveCfg = Release|Win32
		{FB4599AC-F9A5-421F-808E-E164965F3BF9}.Release|x86.Build.0 = Release|Win32
		{F9C36D5D-0449-4247-8515-FF0088A5300F}.Debug|x64.ActiveCfg = Debug|x64
		{F9C36D5D-0449-4247-8515-FF0088A5300F}.Debug|x64.Build.0 = Debug|x64
		{F9C36D5D-0449-4247-8515-FF0088A5300F}.Debug|x86.ActiveCfg = Debug|Win32
		{F9C36D5D-0449-4247-8515-FF0088A5300F}.Debug|x86.Build.0 = Debug|Win32
		{F9C36D5D-0449-4247-8515-FF0088A5300F}.Release|x64.ActiveCfg = Release|x64
		{F9C36D5D-0449-4247-8515-FF0088A5300F}.Release|x64.Build.0 = Release|x64
		{F9C36D5D-0449-4247-8515-FF0088A5300F}.Release|x86.ActiveCfg = Release|Win32
		{F9C36D5D-0449-4247-8515-FF0088A5300F}.Release|x86.Build.0 = Release|Win32
		{3AB42BB3-7836-48B8-94B3-BD6592053E89}.Debug|x64.ActiveCfg = Debug|x64
		{3AB42BB3-7836-48B8-94B3-BD6592053E89}.Debug|x64.Build.0 = Debug|x64
		{3AB42BB3-7836-48B8-94B3-BD6592053E89}.Debug|x86.ActiveCfg = Debug|Win32
		{3AB42BB3-7836-48B8-94B3-BD6592053E89}.Debug|x86.Build.0 = Debug|Win32
		{3AB42BB3-7836-48B8-94B3-BD6592053E89}.Release|x64.ActiveCfg = Release|x64
		{3AB42BB3-7836-48B8-94B3-BD6592053E89}.Release|x64.Build.0 = Release|x64
		{3AB42BB3-7836-48B8-94B3-BD6592053E89}.Release|x86.ActiveCfg = Release|Win32
		{3AB42BB3-7836-48B8-94B3-BD6592053E89}.Release|x86.Build.0 = Release|Win32
		{6162C944-FA66-4A9A-BC2D-3E9ED3D47649}.Debug|x64.ActiveCfg = Debug|x64
		{6162C944-FA66-4A9A-BC2D-3E9ED3D47649}.Debug|x64.Build.0 = Debug|x64
		{6162C944-FA66-4A9A-BC2D-3E9ED3D47649}.Debug|x86.ActiveCfg = Debug|Win32
		{6162C944-FA66-4A9A-BC2D-3E9ED3D47649}.Debug|x86.Build.0 = Debug|Win32
		{6162C944-FA66-4A9A-BC2D-3E9ED3D47649}.Release|x64.ActiveCfg = Release|x64
		{6162C944-FA66-4A9A-BC2D-3E9ED3D47649}.Release|x64.Build.0 = Release|x64
		{6162C944-FA66-4A9A-BC2D-3E9ED3D47649}.Release|x86.ActiveCfg = Release|Win32
		{6162C944-FA66-4A9A-BC2D-3E9ED3D47649}.Release|x86.Build.0 = Release|Win32
		{65A0DFE4-361F-426B-83EE-3C6A10FDA9FB}.Debug|x64.ActiveCfg = Debug|x64
		{65A0DFE4-361F-426B-83EE-3C6A10FDA9FB}.Debug|x64.Build.0 = Debug|x64
		{65A0DFE4-361F-426B-83EE-3C6A10FDA9FB}.Debug|x86.ActiveCfg = Debug|Win32
		{65A0DFE4-361F-426B-83EE-3C6A10FDA9FB}.Debug|x86.Build.0 = Debug|Win32
		{65A0DFE4-361F-426B-83EE-3C6A10FDA9FB}.Release|x64.ActiveCfg = Release|x64
		{65A0DFE4-361F-426B-83EE-3C6A10FDA9FB}.Release|x64.Build.0 = Release|x64
		{65A0DFE4-361F-426B-83EE-3C6A10FDA9FB}.Release|x86.ActiveCfg = Release|Win32
		{65A0DFE4-361F-426B-83EE-3C6A10FDA9FB}.Release|x86.Build.0 = Release|Win32
		{85AD4129-E1A5-4170-BC8E-7843C6CC1095}.Debug|x64.ActiveCfg = Debug|x64
		{85AD4129-E1A5-4170-BC8E-7843C6CC1095}.Debug|x64.Build.0 = Debug|x64
		{85AD4129-E1A5-4170-BC8E-7843C6CC1095}.Debug|x86.ActiveCfg = Debug|Win32
		{85AD4129-E1A5-4170-BC8E-7843C6CC1095}.Debug|x86.Build.0 = Debug|Win32
		{85AD4129-E1A5-4170-BC8E-7843C6CC1095}.Release|x64.ActiveCfg = Release|x64
		{85AD4129-E1A5-4170-BC8E-7843C6CC1095}.Release|x64.Build.0 = Release|x64
		{85AD4129-E1A5-4170-BC8E-7843C6CC1095}.Release|x86.ActiveCfg = Release|Win32
		{85AD4129-E1A5-4170-BC8E-7843C6CC1095}.Release|x86.Build.0 = Release|Win32
		{09FB26F6-3054-4727-BB55-EBF09B3AF3E6}.Debug|x64.ActiveCfg = Debug|x64
		{09FB26F6-3054-4727-BB55-EBF09B3AF3E6}.Debug|x64.Build.0 = Debug|x64
		{09FB26F6-3054-4727-BB55-EBF09B3AF3E6}.Debug|x86.ActiveCfg = Debug|Win32
		{09FB26F6-3054-4727-BB55-EBF09B3AF3E6}.Debug|x86.Build.0 = Debug|Win32
		{09FB26F6-3054-4727-BB55-EBF09B3AF3E6}.Release|x64.ActiveCfg = Release|x64
		{09FB26F6-3054-4727-BB55-EBF09B3AF3E6}.Release|x64.Build.0 = Release|x64
		{09FB26F6-3054-4727-BB55-EBF09B3AF3E6}.Release|x86.ActiveCfg = Release|Win32
		{09FB26F6-3054-4727-BB55-EBF09B3AF3E6}.Release|x86.Build.0 = Release|Win32
		{72898BAB-6843-4C9B-BE9C-A9176D11212C}.Debug|x64.ActiveCfg = Debug|Win32
		{72898BAB-6843-4C9B-BE9C-A9176D11212C}.Debug|x64.Build.0 = Debug|Win32
		{72898BAB-6843-4C9B-BE9C-A9176D11212C}.Debug|x86.ActiveCfg = Debug|Win32
		{72898BAB-6843-4C9B-BE9C-A9176D11212C}.Debug|x86.Build.0 = Debug|Win32
		{72898BAB-6843-4C9B-BE9C-A9176D11212C}.Release|x64.ActiveCfg = Release|x64
		{72898BAB-6843-4C9B-BE9C-A9176D11212C}.Release|x64.Build.0 = Release|x64
		{72898BAB-6843-4C9B-BE9C-A9176D11212C}.Release|x86.ActiveCfg = Release|Win32
		{72898BAB-6843-4C9B-BE9C-A9176D11212C}.Release|x86.Build.0 = Release|Win32
	EndGlobalSection
	GlobalSection(SolutionProperties) = preSolution
		HideSolutionNode = FALSE
	EndGlobalSection
	GlobalSection(ExtensibilityGlobals) = postSolution
		SolutionGuid = {F19F8C42-D3C3-40B7-BD57-1A68066863E4}
	EndGlobalSection
EndGlobal
