
Microsoft Visual Studio Solution File, Format Version 12.00
# Visual Studio Version 17
VisualStudioVersion = 17.8.34309.116
MinimumVisualStudioVersion = 10.0.40219.1
Project("{8BC9CEB8-8B4A-11D0-8D11-00A0C91BC942}") = "laba9.1", "laba9.1\laba9.1.vcxproj", "{2312581B-CE3E-4318-87F2-A85498F94922}"
EndProject
Project("{8BC9CEB8-8B4A-11D0-8D11-00A0C91BC942}") = "laba9.2", "laba9.2\laba9.2.vcxproj", "{9C2A2A83-8F92-49B5-A743-AE00AB6CED6D}"
EndProject
Project("{8BC9CEB8-8B4A-11D0-8D11-00A0C91BC942}") = "laba9.3", "laba9.3\laba9.3.vcxproj", "{714A5452-2647-4411-952C-B8B3D39F6561}"
EndProject
Project("{8BC9CEB8-8B4A-11D0-8D11-00A0C91BC942}") = "laba9.4", "laba9.4\laba9.4.vcxproj", "{95040F1A-D746-4A26-B600-DD6C4EE902BE}"
EndProject
Global
	GlobalSection(SolutionConfigurationPlatforms) = preSolution
		Debug|x64 = Debug|x64
		Debug|x86 = Debug|x86
		Release|x64 = Release|x64
		Release|x86 = Release|x86
	EndGlobalSection
	GlobalSection(ProjectConfigurationPlatforms) = postSolution
		{2312581B-CE3E-4318-87F2-A85498F94922}.Debug|x64.ActiveCfg = Debug|x64
		{2312581B-CE3E-4318-87F2-A85498F94922}.Debug|x64.Build.0 = Debug|x64
		{2312581B-CE3E-4318-87F2-A85498F94922}.Debug|x86.ActiveCfg = Debug|Win32
		{2312581B-CE3E-4318-87F2-A85498F94922}.Debug|x86.Build.0 = Debug|Win32
		{2312581B-CE3E-4318-87F2-A85498F94922}.Release|x64.ActiveCfg = Release|x64
		{2312581B-CE3E-4318-87F2-A85498F94922}.Release|x64.Build.0 = Release|x64
		{2312581B-CE3E-4318-87F2-A85498F94922}.Release|x86.ActiveCfg = Release|Win32
		{2312581B-CE3E-4318-87F2-A85498F94922}.Release|x86.Build.0 = Release|Win32
		{9C2A2A83-8F92-49B5-A743-AE00AB6CED6D}.Debug|x64.ActiveCfg = Debug|x64
		{9C2A2A83-8F92-49B5-A743-AE00AB6CED6D}.Debug|x64.Build.0 = Debug|x64
		{9C2A2A83-8F92-49B5-A743-AE00AB6CED6D}.Debug|x86.ActiveCfg = Debug|Win32
		{9C2A2A83-8F92-49B5-A743-AE00AB6CED6D}.Debug|x86.Build.0 = Debug|Win32
		{9C2A2A83-8F92-49B5-A743-AE00AB6CED6D}.Release|x64.ActiveCfg = Release|x64
		{9C2A2A83-8F92-49B5-A743-AE00AB6CED6D}.Release|x64.Build.0 = Release|x64
		{9C2A2A83-8F92-49B5-A743-AE00AB6CED6D}.Release|x86.ActiveCfg = Release|Win32
		{9C2A2A83-8F92-49B5-A743-AE00AB6CED6D}.Release|x86.Build.0 = Release|Win32
		{714A5452-2647-4411-952C-B8B3D39F6561}.Debug|x64.ActiveCfg = Debug|x64
		{714A5452-2647-4411-952C-B8B3D39F6561}.Debug|x64.Build.0 = Debug|x64
		{714A5452-2647-4411-952C-B8B3D39F6561}.Debug|x86.ActiveCfg = Debug|Win32
		{714A5452-2647-4411-952C-B8B3D39F6561}.Debug|x86.Build.0 = Debug|Win32
		{714A5452-2647-4411-952C-B8B3D39F6561}.Release|x64.ActiveCfg = Release|x64
		{714A5452-2647-4411-952C-B8B3D39F6561}.Release|x64.Build.0 = Release|x64
		{714A5452-2647-4411-952C-B8B3D39F6561}.Release|x86.ActiveCfg = Release|Win32
		{714A5452-2647-4411-952C-B8B3D39F6561}.Release|x86.Build.0 = Release|Win32
		{95040F1A-D746-4A26-B600-DD6C4EE902BE}.Debug|x64.ActiveCfg = Debug|x64
		{95040F1A-D746-4A26-B600-DD6C4EE902BE}.Debug|x64.Build.0 = Debug|x64
		{95040F1A-D746-4A26-B600-DD6C4EE902BE}.Debug|x86.ActiveCfg = Debug|Win32
		{95040F1A-D746-4A26-B600-DD6C4EE902BE}.Debug|x86.Build.0 = Debug|Win32
		{95040F1A-D746-4A26-B600-DD6C4EE902BE}.Release|x64.ActiveCfg = Release|x64
		{95040F1A-D746-4A26-B600-DD6C4EE902BE}.Release|x64.Build.0 = Release|x64
		{95040F1A-D746-4A26-B600-DD6C4EE902BE}.Release|x86.ActiveCfg = Release|Win32
		{95040F1A-D746-4A26-B600-DD6C4EE902BE}.Release|x86.Build.0 = Release|Win32
	EndGlobalSection
	GlobalSection(SolutionProperties) = preSolution
		HideSolutionNode = FALSE
	EndGlobalSection
	GlobalSection(ExtensibilityGlobals) = postSolution
		SolutionGuid = {D9319BD9-1890-4849-964C-2ED82F4CE880}
	EndGlobalSection
EndGlobal
